
Microsoft Visual Studio Solution File, Format Version 12.00
# Visual Studio 15
VisualStudioVersion = 15.0.26730.12
MinimumVisualStudioVersion = 10.0.40219.1
Project("{FAE04EC0-301F-11D3-BF4B-00C04F79EFBC}") = "ConsoleApplication", "ConsoleApplication\ConsoleApplication.csproj", "{2C242377-B1B8-42D4-8216-B46FE1F09D9B}"
EndProject
Global
	GlobalSection(SolutionConfigurationPlatforms) = preSolution
		Debug|Any CPU = Debug|Any CPU
		Release|Any CPU = Release|Any CPU
	EndGlobalSection
	GlobalSection(ProjectConfigurationPlatforms) = postSolution
		{2C242377-B1B8-42D4-8216-B46FE1F09D9B}.Debug|Any CPU.ActiveCfg = Debug|Any CPU
		{2C242377-B1B8-42D4-8216-B46FE1F09D9B}.Debug|Any CPU.Build.0 = Debug|Any CPU
		{2C242377-B1B8-42D4-8216-B46FE1F09D9B}.Release|Any CPU.ActiveCfg = Release|Any CPU
		{2C242377-B1B8-42D4-8216-B46FE1F09D9B}.Release|Any CPU.Build.0 = Release|Any CPU
	EndGlobalSection
	GlobalSection(SolutionProperties) = preSolution
		HideSolutionNode = FALSE
	EndGlobalSection
	GlobalSection(ExtensibilityGlobals) = postSolution
		SolutionGuid = {58686913-9B09-4379-B797-0F09A8F997A0}
	EndGlobalSection
EndGlobal
